
Microsoft Visual Studio Solution File, Format Version 12.00
# Visual Studio Version 17
VisualStudioVersion = 17.5.002.0
MinimumVisualStudioVersion = 10.0.40219.1
Project("{2150E333-8FDC-42A3-9474-1A3956D46DE8}") = "ChallengeProject", "ChallengeProject", "{FB26B95A-9236-4003-869F-465E9832CC69}"
EndProject
Project("{9A19103F-16F7-4668-BE54-9A1E7A4F7556}") = "Starter", "ChallengeProject\Starter\Starter.csproj", "{91EDBEED-79C9-475D-A464-9AC68D7D3FC0}"
EndProject
Project("{9A19103F-16F7-4668-BE54-9A1E7A4F7556}") = "Final", "ChallengeProject\Final\Final.csproj", "{04C4839E-3BC0-407A-8959-3AEDCEE1769F}"
EndProject
Global
	GlobalSection(SolutionConfigurationPlatforms) = preSolution
		Debug|Any CPU = Debug|Any CPU
		Release|Any CPU = Release|Any CPU
	EndGlobalSection
	GlobalSection(ProjectConfigurationPlatforms) = postSolution
		{91EDBEED-79C9-475D-A464-9AC68D7D3FC0}.Debug|Any CPU.ActiveCfg = Debug|Any CPU
		{91EDBEED-79C9-475D-A464-9AC68D7D3FC0}.Debug|Any CPU.Build.0 = Debug|Any CPU
		{91EDBEED-79C9-475D-A464-9AC68D7D3FC0}.Release|Any CPU.ActiveCfg = Release|Any CPU
		{91EDBEED-79C9-475D-A464-9AC68D7D3FC0}.Release|Any CPU.Build.0 = Release|Any CPU
		{04C4839E-3BC0-407A-8959-3AEDCEE1769F}.Debug|Any CPU.ActiveCfg = Debug|Any CPU
		{04C4839E-3BC0-407A-8959-3AEDCEE1769F}.Debug|Any CPU.Build.0 = Debug|Any CPU
		{04C4839E-3BC0-407A-8959-3AEDCEE1769F}.Release|Any CPU.ActiveCfg = Release|Any CPU
		{04C4839E-3BC0-407A-8959-3AEDCEE1769F}.Release|Any CPU.Build.0 = Release|Any CPU
	EndGlobalSection
	GlobalSection(SolutionProperties) = preSolution
		HideSolutionNode = FALSE
	EndGlobalSection
	GlobalSection(NestedProjects) = preSolution
		{91EDBEED-79C9-475D-A464-9AC68D7D3FC0} = {FB26B95A-9236-4003-869F-465E9832CC69}
		{04C4839E-3BC0-407A-8959-3AEDCEE1769F} = {FB26B95A-9236-4003-869F-465E9832CC69}
	EndGlobalSection
	GlobalSection(ExtensibilityGlobals) = postSolution
		SolutionGuid = {6D85C9B5-EE94-4558-9ABA-78FA866F28F4}
	EndGlobalSection
EndGlobal
