
Microsoft Visual Studio Solution File, Format Version 12.00
# Visual Studio Version 17
VisualStudioVersion = 17.5.002.0
MinimumVisualStudioVersion = 10.0.40219.1
Project("{9A19103F-16F7-4668-BE54-9A1E7A4F7556}") = "Starter", "Starter\Starter.csproj", "{9C469EE8-8507-4BF3-8018-86F01F3857F7}"
EndProject
Project("{9A19103F-16F7-4668-BE54-9A1E7A4F7556}") = "Final", "Final\Final.csproj", "{EE5BFEC3-6FF6-45F2-B287-8768255E988C}"
EndProject
Global
	GlobalSection(SolutionConfigurationPlatforms) = preSolution
		Debug|Any CPU = Debug|Any CPU
		Release|Any CPU = Release|Any CPU
	EndGlobalSection
	GlobalSection(ProjectConfigurationPlatforms) = postSolution
		{9C469EE8-8507-4BF3-8018-86F01F3857F7}.Debug|Any CPU.ActiveCfg = Debug|Any CPU
		{9C469EE8-8507-4BF3-8018-86F01F3857F7}.Debug|Any CPU.Build.0 = Debug|Any CPU
		{9C469EE8-8507-4BF3-8018-86F01F3857F7}.Release|Any CPU.ActiveCfg = Release|Any CPU
		{9C469EE8-8507-4BF3-8018-86F01F3857F7}.Release|Any CPU.Build.0 = Release|Any CPU
		{EE5BFEC3-6FF6-45F2-B287-8768255E988C}.Debug|Any CPU.ActiveCfg = Debug|Any CPU
		{EE5BFEC3-6FF6-45F2-B287-8768255E988C}.Debug|Any CPU.Build.0 = Debug|Any CPU
		{EE5BFEC3-6FF6-45F2-B287-8768255E988C}.Release|Any CPU.ActiveCfg = Release|Any CPU
		{EE5BFEC3-6FF6-45F2-B287-8768255E988C}.Release|Any CPU.Build.0 = Release|Any CPU
	EndGlobalSection
	GlobalSection(SolutionProperties) = preSolution
		HideSolutionNode = FALSE
	EndGlobalSection
	GlobalSection(ExtensibilityGlobals) = postSolution
		SolutionGuid = {2B2CB22A-D59C-47E6-88CC-3683B707CDA3}
	EndGlobalSection
EndGlobal
