
Microsoft Visual Studio Solution File, Format Version 12.00
# Visual Studio Version 17
VisualStudioVersion = 17.5.002.0
MinimumVisualStudioVersion = 10.0.40219.1
Project("{9A19103F-16F7-4668-BE54-9A1E7A4F7556}") = "Starter", "Starter\Starter.csproj", "{96A6FBF1-4BE0-4815-9634-875FE788FA7E}"
EndProject
Project("{9A19103F-16F7-4668-BE54-9A1E7A4F7556}") = "Final", "Final\Final.csproj", "{46456136-F7AB-42E8-99EA-826264BC35EF}"
EndProject
Global
	GlobalSection(SolutionConfigurationPlatforms) = preSolution
		Debug|Any CPU = Debug|Any CPU
		Release|Any CPU = Release|Any CPU
	EndGlobalSection
	GlobalSection(ProjectConfigurationPlatforms) = postSolution
		{96A6FBF1-4BE0-4815-9634-875FE788FA7E}.Debug|Any CPU.ActiveCfg = Debug|Any CPU
		{96A6FBF1-4BE0-4815-9634-875FE788FA7E}.Debug|Any CPU.Build.0 = Debug|Any CPU
		{96A6FBF1-4BE0-4815-9634-875FE788FA7E}.Release|Any CPU.ActiveCfg = Release|Any CPU
		{96A6FBF1-4BE0-4815-9634-875FE788FA7E}.Release|Any CPU.Build.0 = Release|Any CPU
		{46456136-F7AB-42E8-99EA-826264BC35EF}.Debug|Any CPU.ActiveCfg = Debug|Any CPU
		{46456136-F7AB-42E8-99EA-826264BC35EF}.Debug|Any CPU.Build.0 = Debug|Any CPU
		{46456136-F7AB-42E8-99EA-826264BC35EF}.Release|Any CPU.ActiveCfg = Release|Any CPU
		{46456136-F7AB-42E8-99EA-826264BC35EF}.Release|Any CPU.Build.0 = Release|Any CPU
	EndGlobalSection
	GlobalSection(SolutionProperties) = preSolution
		HideSolutionNode = FALSE
	EndGlobalSection
	GlobalSection(ExtensibilityGlobals) = postSolution
		SolutionGuid = {A38C2F7E-81C1-44BC-A510-0F725441B163}
	EndGlobalSection
EndGlobal
